{
  "name": "modulib-examples",
  "lockfileVersion": 3,
  "requires": true,
  "packages": {
    "": {
      "name": "modulib-examples",
      "license": "MIT",
      "dependencies": {
        "modulib": "0.0.4"
      }
    },
    "node_modules/modulib": {
      "version": "0.0.4",
      "resolved": "https://registry.npmjs.org/modulib/-/modulib-0.0.4.tgz",
      "integrity": "sha512-VA4o7o74nt22tjBwpBOpw+JYYOiUQy8hACaigJabsF1oMPCN9TqWzr4iJN4E+DG7Q3xRLIWuBgQaWLGq0IHvjQ=="
    }
  }
}
