{
  "name": "modulib-examples",
  "lockfileVersion": 3,
  "requires": true,
  "packages": {
    "": {
      "name": "modulib-examples",
      "license": "MIT",
      "dependencies": {
        "modulib": "0.0.3"
      }
    },
    "node_modules/modulib": {
      "version": "0.0.3",
      "resolved": "https://registry.npmjs.org/modulib/-/modulib-0.0.3.tgz",
      "integrity": "sha512-xMba1Q3pLdUUGF/0cLgDKsdvu7aLDZx13UIv40WXWsdMfZfMEIpSl0VT9TvmGl8jd9F3pvjDyZIs2gcNcky73g=="
    }
  }
}
